
Microsoft Visual Studio Solution File, Format Version 12.00
# Visual Studio Version 17
VisualStudioVersion = 17.11.35219.272
MinimumVisualStudioVersion = 10.0.40219.1
Project("{9A19103F-16F7-4668-BE54-9A1E7A4F7556}") = "CATSTracking.UI", "CATSTracking.UI\CATSTracking.UI.csproj", "{CCDB95FB-6DF6-4453-93F4-29D9E7B2B36E}"
EndProject
Project("{9A19103F-16F7-4668-BE54-9A1E7A4F7556}") = "CATSTracking.API", "CATSTracking.API\CATSTracking.API.csproj", "{C2EBD5CB-60C7-4F7E-B44E-A7F345A4B0D9}"
EndProject
Project("{FAE04EC0-301F-11D3-BF4B-00C04F79EFBC}") = "CATSTracking.Library", "CATSTracking.Library\CATSTracking.Library.csproj", "{17958773-6933-4AC3-8A78-DEC9C0EA70F1}"
EndProject
Global
	GlobalSection(SolutionConfigurationPlatforms) = preSolution
		Debug|Any CPU = Debug|Any CPU
		Release|Any CPU = Release|Any CPU
	EndGlobalSection
	GlobalSection(ProjectConfigurationPlatforms) = postSolution
		{CCDB95FB-6DF6-4453-93F4-29D9E7B2B36E}.Debug|Any CPU.ActiveCfg = Debug|Any CPU
		{CCDB95FB-6DF6-4453-93F4-29D9E7B2B36E}.Debug|Any CPU.Build.0 = Debug|Any CPU
		{CCDB95FB-6DF6-4453-93F4-29D9E7B2B36E}.Release|Any CPU.ActiveCfg = Release|Any CPU
		{CCDB95FB-6DF6-4453-93F4-29D9E7B2B36E}.Release|Any CPU.Build.0 = Release|Any CPU
		{C2EBD5CB-60C7-4F7E-B44E-A7F345A4B0D9}.Debug|Any CPU.ActiveCfg = Debug|Any CPU
		{C2EBD5CB-60C7-4F7E-B44E-A7F345A4B0D9}.Debug|Any CPU.Build.0 = Debug|Any CPU
		{C2EBD5CB-60C7-4F7E-B44E-A7F345A4B0D9}.Release|Any CPU.ActiveCfg = Release|Any CPU
		{C2EBD5CB-60C7-4F7E-B44E-A7F345A4B0D9}.Release|Any CPU.Build.0 = Release|Any CPU
		{17958773-6933-4AC3-8A78-DEC9C0EA70F1}.Debug|Any CPU.ActiveCfg = Debug|Any CPU
		{17958773-6933-4AC3-8A78-DEC9C0EA70F1}.Debug|Any CPU.Build.0 = Debug|Any CPU
		{17958773-6933-4AC3-8A78-DEC9C0EA70F1}.Release|Any CPU.ActiveCfg = Release|Any CPU
		{17958773-6933-4AC3-8A78-DEC9C0EA70F1}.Release|Any CPU.Build.0 = Release|Any CPU
	EndGlobalSection
	GlobalSection(SolutionProperties) = preSolution
		HideSolutionNode = FALSE
	EndGlobalSection
	GlobalSection(ExtensibilityGlobals) = postSolution
		SolutionGuid = {6DCE8432-4D67-4CD3-971B-AAC000C5E2BC}
	EndGlobalSection
EndGlobal
