Microsoft Visual Studio Solution File, Format Version 12.00
# Visual Studio Version 17
VisualStudioVersion = 17.5.2.0
MinimumVisualStudioVersion = 10.0.40219.1
Project("{FAE04EC0-301F-11D3-BF4B-00C04F79EFBC}") = "CATSTracking.API", "CATSTracking.API.csproj", "{2E4A44BB-ECD7-AC25-1773-78D24B68750B}"
EndProject
Global
	GlobalSection(SolutionConfigurationPlatforms) = preSolution
		Debug|Any CPU = Debug|Any CPU
		Release|Any CPU = Release|Any CPU
	EndGlobalSection
	GlobalSection(ProjectConfigurationPlatforms) = postSolution
		{2E4A44BB-ECD7-AC25-1773-78D24B68750B}.Debug|Any CPU.ActiveCfg = Debug|Any CPU
		{2E4A44BB-ECD7-AC25-1773-78D24B68750B}.Debug|Any CPU.Build.0 = Debug|Any CPU
		{2E4A44BB-ECD7-AC25-1773-78D24B68750B}.Release|Any CPU.ActiveCfg = Release|Any CPU
		{2E4A44BB-ECD7-AC25-1773-78D24B68750B}.Release|Any CPU.Build.0 = Release|Any CPU
	EndGlobalSection
	GlobalSection(SolutionProperties) = preSolution
		HideSolutionNode = FALSE
	EndGlobalSection
	GlobalSection(ExtensibilityGlobals) = postSolution
		SolutionGuid = {C251E994-ACB1-4744-B60A-4E8753F3FFD6}
	EndGlobalSection
EndGlobal
